// !$*UTF8*$!
{
	archiveVersion = 1;
	classes = {
	};
	objectVersion = 55;
	objects = {

/* Begin PBXBuildFile section */
		42400D5328A4FEB600E9A598 /* CharacterCell.swift in Sources */ = {isa = PBXBuildFile; fileRef = 42400D5228A4FEB600E9A598 /* CharacterCell.swift */; };
		42400D5528A508F200E9A598 /* СharactersViewController.swift in Sources */ = {isa = PBXBuildFile; fileRef = 42400D5428A508F200E9A598 /* СharactersViewController.swift */; };
		4265388F2ACD9D6100C7809C /* Wand.swift in Sources */ = {isa = PBXBuildFile; fileRef = 4265388E2ACD9D6100C7809C /* Wand.swift */; };
		426538952ACE43C000C7809C /* Storyboarded.swift in Sources */ = {isa = PBXBuildFile; fileRef = 426538942ACE43C000C7809C /* Storyboarded.swift */; };
		426FA12028A51F540051C07C /* NetworkManager.swift in Sources */ = {isa = PBXBuildFile; fileRef = 426FA11F28A51F540051C07C /* NetworkManager.swift */; };
		42748F252AA3B95F009A76A2 /* Spell.swift in Sources */ = {isa = PBXBuildFile; fileRef = 42748F242AA3B95F009A76A2 /* Spell.swift */; };
		42748F272AA3BB52009A76A2 /* SpellsTableViewController.swift in Sources */ = {isa = PBXBuildFile; fileRef = 42748F262AA3BB52009A76A2 /* SpellsTableViewController.swift */; };
		42CCE9DC28A272D300C0BD06 /* AppDelegate.swift in Sources */ = {isa = PBXBuildFile; fileRef = 42CCE9DB28A272D300C0BD06 /* AppDelegate.swift */; };
		42CCE9DE28A272D300C0BD06 /* SceneDelegate.swift in Sources */ = {isa = PBXBuildFile; fileRef = 42CCE9DD28A272D300C0BD06 /* SceneDelegate.swift */; };
		42CCE9E028A272D300C0BD06 /* DetailsViewController.swift in Sources */ = {isa = PBXBuildFile; fileRef = 42CCE9DF28A272D300C0BD06 /* DetailsViewController.swift */; };
		42CCE9E328A272D300C0BD06 /* Main.storyboard in Resources */ = {isa = PBXBuildFile; fileRef = 42CCE9E128A272D300C0BD06 /* Main.storyboard */; };
		42CCE9E528A272D500C0BD06 /* Assets.xcassets in Resources */ = {isa = PBXBuildFile; fileRef = 42CCE9E428A272D500C0BD06 /* Assets.xcassets */; };
		42CCE9E828A272D500C0BD06 /* LaunchScreen.storyboard in Resources */ = {isa = PBXBuildFile; fileRef = 42CCE9E628A272D500C0BD06 /* LaunchScreen.storyboard */; };
		42CCE9F028A272F600C0BD06 /* Сharacter.swift in Sources */ = {isa = PBXBuildFile; fileRef = 42CCE9EF28A272F600C0BD06 /* Сharacter.swift */; };
		42F3F4812AAB5F7A00C2049F /* ImageCacheManager.swift in Sources */ = {isa = PBXBuildFile; fileRef = 42F3F4802AAB5F7A00C2049F /* ImageCacheManager.swift */; };
		42F3F4842AAB76A600C2049F /* ActivityIndicator.swift in Sources */ = {isa = PBXBuildFile; fileRef = 42F3F4832AAB76A600C2049F /* ActivityIndicator.swift */; };
/* End PBXBuildFile section */

/* Begin PBXFileReference section */
		42400D5228A4FEB600E9A598 /* CharacterCell.swift */ = {isa = PBXFileReference; lastKnownFileType = sourcecode.swift; path = CharacterCell.swift; sourceTree = "<group>"; };
		42400D5428A508F200E9A598 /* СharactersViewController.swift */ = {isa = PBXFileReference; lastKnownFileType = sourcecode.swift; path = "СharactersViewController.swift"; sourceTree = "<group>"; };
		4265388E2ACD9D6100C7809C /* Wand.swift */ = {isa = PBXFileReference; lastKnownFileType = sourcecode.swift; path = Wand.swift; sourceTree = "<group>"; };
		426538942ACE43C000C7809C /* Storyboarded.swift */ = {isa = PBXFileReference; lastKnownFileType = sourcecode.swift; path = Storyboarded.swift; sourceTree = "<group>"; };
		426FA11F28A51F540051C07C /* NetworkManager.swift */ = {isa = PBXFileReference; lastKnownFileType = sourcecode.swift; path = NetworkManager.swift; sourceTree = "<group>"; };
		42748F242AA3B95F009A76A2 /* Spell.swift */ = {isa = PBXFileReference; lastKnownFileType = sourcecode.swift; path = Spell.swift; sourceTree = "<group>"; };
		42748F262AA3BB52009A76A2 /* SpellsTableViewController.swift */ = {isa = PBXFileReference; lastKnownFileType = sourcecode.swift; path = SpellsTableViewController.swift; sourceTree = "<group>"; };
		42CCE9D828A272D300C0BD06 /* HarryPotterСharacters.app */ = {isa = PBXFileReference; explicitFileType = wrapper.application; includeInIndex = 0; path = "HarryPotterСharacters.app"; sourceTree = BUILT_PRODUCTS_DIR; };
		42CCE9DB28A272D300C0BD06 /* AppDelegate.swift */ = {isa = PBXFileReference; lastKnownFileType = sourcecode.swift; path = AppDelegate.swift; sourceTree = "<group>"; };
		42CCE9DD28A272D300C0BD06 /* SceneDelegate.swift */ = {isa = PBXFileReference; lastKnownFileType = sourcecode.swift; path = SceneDelegate.swift; sourceTree = "<group>"; };
		42CCE9DF28A272D300C0BD06 /* DetailsViewController.swift */ = {isa = PBXFileReference; lastKnownFileType = sourcecode.swift; path = DetailsViewController.swift; sourceTree = "<group>"; };
		42CCE9E228A272D300C0BD06 /* Base */ = {isa = PBXFileReference; lastKnownFileType = file.storyboard; name = Base; path = Base.lproj/Main.storyboard; sourceTree = "<group>"; };
		42CCE9E428A272D500C0BD06 /* Assets.xcassets */ = {isa = PBXFileReference; lastKnownFileType = folder.assetcatalog; path = Assets.xcassets; sourceTree = "<group>"; };
		42CCE9E728A272D500C0BD06 /* Base */ = {isa = PBXFileReference; lastKnownFileType = file.storyboard; name = Base; path = Base.lproj/LaunchScreen.storyboard; sourceTree = "<group>"; };
		42CCE9E928A272D500C0BD06 /* Info.plist */ = {isa = PBXFileReference; lastKnownFileType = text.plist.xml; path = Info.plist; sourceTree = "<group>"; };
		42CCE9EF28A272F600C0BD06 /* Сharacter.swift */ = {isa = PBXFileReference; lastKnownFileType = sourcecode.swift; path = "Сharacter.swift"; sourceTree = "<group>"; };
		42F3F4802AAB5F7A00C2049F /* ImageCacheManager.swift */ = {isa = PBXFileReference; lastKnownFileType = sourcecode.swift; path = ImageCacheManager.swift; sourceTree = "<group>"; };
		42F3F4832AAB76A600C2049F /* ActivityIndicator.swift */ = {isa = PBXFileReference; lastKnownFileType = sourcecode.swift; path = ActivityIndicator.swift; sourceTree = "<group>"; };
/* End PBXFileReference section */

/* Begin PBXFrameworksBuildPhase section */
		42CCE9D528A272D300C0BD06 /* Frameworks */ = {
			isa = PBXFrameworksBuildPhase;
			buildActionMask = 2147483647;
			files = (
			);
			runOnlyForDeploymentPostprocessing = 0;
		};
/* End PBXFrameworksBuildPhase section */

/* Begin PBXGroup section */
		426538932ACE43A000C7809C /* Protocols */ = {
			isa = PBXGroup;
			children = (
				426538942ACE43C000C7809C /* Storyboarded.swift */,
			);
			path = Protocols;
			sourceTree = "<group>";
		};
		426FA12128A51F950051C07C /* Service */ = {
			isa = PBXGroup;
			children = (
				426FA11F28A51F540051C07C /* NetworkManager.swift */,
				42F3F4802AAB5F7A00C2049F /* ImageCacheManager.swift */,
			);
			path = Service;
			sourceTree = "<group>";
		};
		429508CF28A2E32E00FFAA8C /* ViewControllers */ = {
			isa = PBXGroup;
			children = (
				42CCE9DF28A272D300C0BD06 /* DetailsViewController.swift */,
				42400D5228A4FEB600E9A598 /* CharacterCell.swift */,
				42400D5428A508F200E9A598 /* СharactersViewController.swift */,
				42748F262AA3BB52009A76A2 /* SpellsTableViewController.swift */,
			);
			path = ViewControllers;
			sourceTree = "<group>";
		};
		429508D028A2E34F00FFAA8C /* Storyboards */ = {
			isa = PBXGroup;
			children = (
				42CCE9E628A272D500C0BD06 /* LaunchScreen.storyboard */,
				42CCE9E128A272D300C0BD06 /* Main.storyboard */,
			);
			path = Storyboards;
			sourceTree = "<group>";
		};
		429508D128A2E3C200FFAA8C /* Models */ = {
			isa = PBXGroup;
			children = (
				42CCE9EF28A272F600C0BD06 /* Сharacter.swift */,
				42748F242AA3B95F009A76A2 /* Spell.swift */,
				4265388E2ACD9D6100C7809C /* Wand.swift */,
			);
			path = Models;
			sourceTree = "<group>";
		};
		429508D228A2E3E600FFAA8C /* App */ = {
			isa = PBXGroup;
			children = (
				42CCE9DD28A272D300C0BD06 /* SceneDelegate.swift */,
				42CCE9DB28A272D300C0BD06 /* AppDelegate.swift */,
			);
			path = App;
			sourceTree = "<group>";
		};
		429508D328A2E45500FFAA8C /* Resourses */ = {
			isa = PBXGroup;
			children = (
				42CCE9E428A272D500C0BD06 /* Assets.xcassets */,
			);
			path = Resourses;
			sourceTree = "<group>";
		};
		42CCE9CF28A272D300C0BD06 = {
			isa = PBXGroup;
			children = (
				42CCE9DA28A272D300C0BD06 /* HarryPotterСharacters */,
				42CCE9D928A272D300C0BD06 /* Products */,
			);
			sourceTree = "<group>";
		};
		42CCE9D928A272D300C0BD06 /* Products */ = {
			isa = PBXGroup;
			children = (
				42CCE9D828A272D300C0BD06 /* HarryPotterСharacters.app */,
			);
			name = Products;
			sourceTree = "<group>";
		};
		42CCE9DA28A272D300C0BD06 /* HarryPotterСharacters */ = {
			isa = PBXGroup;
			children = (
				426538932ACE43A000C7809C /* Protocols */,
				429508D228A2E3E600FFAA8C /* App */,
				429508CF28A2E32E00FFAA8C /* ViewControllers */,
				42F3F4822AAB769000C2049F /* Views */,
				429508D128A2E3C200FFAA8C /* Models */,
				426FA12128A51F950051C07C /* Service */,
				429508D028A2E34F00FFAA8C /* Storyboards */,
				429508D328A2E45500FFAA8C /* Resourses */,
				42CCE9E928A272D500C0BD06 /* Info.plist */,
			);
			path = "HarryPotterСharacters";
			sourceTree = "<group>";
		};
		42F3F4822AAB769000C2049F /* Views */ = {
			isa = PBXGroup;
			children = (
				42F3F4832AAB76A600C2049F /* ActivityIndicator.swift */,
			);
			path = Views;
			sourceTree = "<group>";
		};
/* End PBXGroup section */

/* Begin PBXNativeTarget section */
		42CCE9D728A272D300C0BD06 /* HarryPotterСharacters */ = {
			isa = PBXNativeTarget;
			buildConfigurationList = 42CCE9EC28A272D500C0BD06 /* Build configuration list for PBXNativeTarget "HarryPotterСharacters" */;
			buildPhases = (
				42CCE9D428A272D300C0BD06 /* Sources */,
				42CCE9D528A272D300C0BD06 /* Frameworks */,
				42CCE9D628A272D300C0BD06 /* Resources */,
			);
			buildRules = (
			);
			dependencies = (
			);
			name = "HarryPotterСharacters";
			productName = "HarryPotterСharacters";
			productReference = 42CCE9D828A272D300C0BD06 /* HarryPotterСharacters.app */;
			productType = "com.apple.product-type.application";
		};
/* End PBXNativeTarget section */

/* Begin PBXProject section */
		42CCE9D028A272D300C0BD06 /* Project object */ = {
			isa = PBXProject;
			attributes = {
				BuildIndependentTargetsInParallel = 1;
				LastSwiftUpdateCheck = 1340;
				LastUpgradeCheck = 1500;
				TargetAttributes = {
					42CCE9D728A272D300C0BD06 = {
						CreatedOnToolsVersion = 13.4.1;
					};
				};
			};
			buildConfigurationList = 42CCE9D328A272D300C0BD06 /* Build configuration list for PBXProject "HarryPotterСharacters" */;
			compatibilityVersion = "Xcode 13.0";
			developmentRegion = en;
			hasScannedForEncodings = 0;
			knownRegions = (
				en,
				Base,
			);
			mainGroup = 42CCE9CF28A272D300C0BD06;
			productRefGroup = 42CCE9D928A272D300C0BD06 /* Products */;
			projectDirPath = "";
			projectRoot = "";
			targets = (
				42CCE9D728A272D300C0BD06 /* HarryPotterСharacters */,
			);
		};
/* End PBXProject section */

/* Begin PBXResourcesBuildPhase section */
		42CCE9D628A272D300C0BD06 /* Resources */ = {
			isa = PBXResourcesBuildPhase;
			buildActionMask = 2147483647;
			files = (
				42CCE9E828A272D500C0BD06 /* LaunchScreen.storyboard in Resources */,
				42CCE9E528A272D500C0BD06 /* Assets.xcassets in Resources */,
				42CCE9E328A272D300C0BD06 /* Main.storyboard in Resources */,
			);
			runOnlyForDeploymentPostprocessing = 0;
		};
/* End PBXResourcesBuildPhase section */

/* Begin PBXSourcesBuildPhase section */
		42CCE9D428A272D300C0BD06 /* Sources */ = {
			isa = PBXSourcesBuildPhase;
			buildActionMask = 2147483647;
			files = (
				42400D5528A508F200E9A598 /* СharactersViewController.swift in Sources */,
				42400D5328A4FEB600E9A598 /* CharacterCell.swift in Sources */,
				42F3F4812AAB5F7A00C2049F /* ImageCacheManager.swift in Sources */,
				42CCE9E028A272D300C0BD06 /* DetailsViewController.swift in Sources */,
				42748F272AA3BB52009A76A2 /* SpellsTableViewController.swift in Sources */,
				426538952ACE43C000C7809C /* Storyboarded.swift in Sources */,
				426FA12028A51F540051C07C /* NetworkManager.swift in Sources */,
				42CCE9F028A272F600C0BD06 /* Сharacter.swift in Sources */,
				4265388F2ACD9D6100C7809C /* Wand.swift in Sources */,
				42CCE9DC28A272D300C0BD06 /* AppDelegate.swift in Sources */,
				42748F252AA3B95F009A76A2 /* Spell.swift in Sources */,
				42F3F4842AAB76A600C2049F /* ActivityIndicator.swift in Sources */,
				42CCE9DE28A272D300C0BD06 /* SceneDelegate.swift in Sources */,
			);
			runOnlyForDeploymentPostprocessing = 0;
		};
/* End PBXSourcesBuildPhase section */

/* Begin PBXVariantGroup section */
		42CCE9E128A272D300C0BD06 /* Main.storyboard */ = {
			isa = PBXVariantGroup;
			children = (
				42CCE9E228A272D300C0BD06 /* Base */,
			);
			name = Main.storyboard;
			sourceTree = "<group>";
		};
		42CCE9E628A272D500C0BD06 /* LaunchScreen.storyboard */ = {
			isa = PBXVariantGroup;
			children = (
				42CCE9E728A272D500C0BD06 /* Base */,
			);
			name = LaunchScreen.storyboard;
			sourceTree = "<group>";
		};
/* End PBXVariantGroup section */

/* Begin XCBuildConfiguration section */
		42CCE9EA28A272D500C0BD06 /* Debug */ = {
			isa = XCBuildConfiguration;
			buildSettings = {
				ALWAYS_SEARCH_USER_PATHS = NO;
				CLANG_ANALYZER_NONNULL = YES;
				CLANG_ANALYZER_NUMBER_OBJECT_CONVERSION = YES_AGGRESSIVE;
				CLANG_CXX_LANGUAGE_STANDARD = "gnu++17";
				CLANG_ENABLE_MODULES = YES;
				CLANG_ENABLE_OBJC_ARC = YES;
				CLANG_ENABLE_OBJC_WEAK = YES;
				CLANG_WARN_BLOCK_CAPTURE_AUTORELEASING = YES;
				CLANG_WARN_BOOL_CONVERSION = YES;
				CLANG_WARN_COMMA = YES;
				CLANG_WARN_CONSTANT_CONVERSION = YES;
				CLANG_WARN_DEPRECATED_OBJC_IMPLEMENTATIONS = YES;
				CLANG_WARN_DIRECT_OBJC_ISA_USAGE = YES_ERROR;
				CLANG_WARN_DOCUMENTATION_COMMENTS = YES;
				CLANG_WARN_EMPTY_BODY = YES;
				CLANG_WARN_ENUM_CONVERSION = YES;
				CLANG_WARN_INFINITE_RECURSION = YES;
				CLANG_WARN_INT_CONVERSION = YES;
				CLANG_WARN_NON_LITERAL_NULL_CONVERSION = YES;
				CLANG_WARN_OBJC_IMPLICIT_RETAIN_SELF = YES;
				CLANG_WARN_OBJC_LITERAL_CONVERSION = YES;
				CLANG_WARN_OBJC_ROOT_CLASS = YES_ERROR;
				CLANG_WARN_QUOTED_INCLUDE_IN_FRAMEWORK_HEADER = YES;
				CLANG_WARN_RANGE_LOOP_ANALYSIS = YES;
				CLANG_WARN_STRICT_PROTOTYPES = YES;
				CLANG_WARN_SUSPICIOUS_MOVE = YES;
				CLANG_WARN_UNGUARDED_AVAILABILITY = YES_AGGRESSIVE;
				CLANG_WARN_UNREACHABLE_CODE = YES;
				CLANG_WARN__DUPLICATE_METHOD_MATCH = YES;
				COPY_PHASE_STRIP = NO;
				DEBUG_INFORMATION_FORMAT = dwarf;
				ENABLE_STRICT_OBJC_MSGSEND = YES;
				ENABLE_TESTABILITY = YES;
				ENABLE_USER_SCRIPT_SANDBOXING = YES;
				GCC_C_LANGUAGE_STANDARD = gnu11;
				GCC_DYNAMIC_NO_PIC = NO;
				GCC_NO_COMMON_BLOCKS = YES;
				GCC_OPTIMIZATION_LEVEL = 0;
				GCC_PREPROCESSOR_DEFINITIONS = (
					"DEBUG=1",
					"$(inherited)",
				);
				GCC_WARN_64_TO_32_BIT_CONVERSION = YES;
				GCC_WARN_ABOUT_RETURN_TYPE = YES_ERROR;
				GCC_WARN_UNDECLARED_SELECTOR = YES;
				GCC_WARN_UNINITIALIZED_AUTOS = YES_AGGRESSIVE;
				GCC_WARN_UNUSED_FUNCTION = YES;
				GCC_WARN_UNUSED_VARIABLE = YES;
				IPHONEOS_DEPLOYMENT_TARGET = 15.5;
				MTL_ENABLE_DEBUG_INFO = INCLUDE_SOURCE;
				MTL_FAST_MATH = YES;
				ONLY_ACTIVE_ARCH = YES;
				SDKROOT = iphoneos;
				SWIFT_ACTIVE_COMPILATION_CONDITIONS = DEBUG;
				SWIFT_OPTIMIZATION_LEVEL = "-Onone";
			};
			name = Debug;
		};
		42CCE9EB28A272D500C0BD06 /* Release */ = {
			isa = XCBuildConfiguration;
			buildSettings = {
				ALWAYS_SEARCH_USER_PATHS = NO;
				CLANG_ANALYZER_NONNULL = YES;
				CLANG_ANALYZER_NUMBER_OBJECT_CONVERSION = YES_AGGRESSIVE;
				CLANG_CXX_LANGUAGE_STANDARD = "gnu++17";
				CLANG_ENABLE_MODULES = YES;
				CLANG_ENABLE_OBJC_ARC = YES;
				CLANG_ENABLE_OBJC_WEAK = YES;
				CLANG_WARN_BLOCK_CAPTURE_AUTORELEASING = YES;
				CLANG_WARN_BOOL_CONVERSION = YES;
				CLANG_WARN_COMMA = YES;
				CLANG_WARN_CONSTANT_CONVERSION = YES;
				CLANG_WARN_DEPRECATED_OBJC_IMPLEMENTATIONS = YES;
				CLANG_WARN_DIRECT_OBJC_ISA_USAGE = YES_ERROR;
				CLANG_WARN_DOCUMENTATION_COMMENTS = YES;
				CLANG_WARN_EMPTY_BODY = YES;
				CLANG_WARN_ENUM_CONVERSION = YES;
				CLANG_WARN_INFINITE_RECURSION = YES;
				CLANG_WARN_INT_CONVERSION = YES;
				CLANG_WARN_NON_LITERAL_NULL_CONVERSION = YES;
				CLANG_WARN_OBJC_IMPLICIT_RETAIN_SELF = YES;
				CLANG_WARN_OBJC_LITERAL_CONVERSION = YES;
				CLANG_WARN_OBJC_ROOT_CLASS = YES_ERROR;
				CLANG_WARN_QUOTED_INCLUDE_IN_FRAMEWORK_HEADER = YES;
				CLANG_WARN_RANGE_LOOP_ANALYSIS = YES;
				CLANG_WARN_STRICT_PROTOTYPES = YES;
				CLANG_WARN_SUSPICIOUS_MOVE = YES;
				CLANG_WARN_UNGUARDED_AVAILABILITY = YES_AGGRESSIVE;
				CLANG_WARN_UNREACHABLE_CODE = YES;
				CLANG_WARN__DUPLICATE_METHOD_MATCH = YES;
				COPY_PHASE_STRIP = NO;
				DEBUG_INFORMATION_FORMAT = "dwarf-with-dsym";
				ENABLE_NS_ASSERTIONS = NO;
				ENABLE_STRICT_OBJC_MSGSEND = YES;
				ENABLE_USER_SCRIPT_SANDBOXING = YES;
				GCC_C_LANGUAGE_STANDARD = gnu11;
				GCC_NO_COMMON_BLOCKS = YES;
				GCC_WARN_64_TO_32_BIT_CONVERSION = YES;
				GCC_WARN_ABOUT_RETURN_TYPE = YES_ERROR;
				GCC_WARN_UNDECLARED_SELECTOR = YES;
				GCC_WARN_UNINITIALIZED_AUTOS = YES_AGGRESSIVE;
				GCC_WARN_UNUSED_FUNCTION = YES;
				GCC_WARN_UNUSED_VARIABLE = YES;
				IPHONEOS_DEPLOYMENT_TARGET = 15.5;
				MTL_ENABLE_DEBUG_INFO = NO;
				MTL_FAST_MATH = YES;
				SDKROOT = iphoneos;
				SWIFT_COMPILATION_MODE = wholemodule;
				SWIFT_OPTIMIZATION_LEVEL = "-O";
				VALIDATE_PRODUCT = YES;
			};
			name = Release;
		};
		42CCE9ED28A272D500C0BD06 /* Debug */ = {
			isa = XCBuildConfiguration;
			buildSettings = {
				ASSETCATALOG_COMPILER_APPICON_NAME = AppIcon;
				ASSETCATALOG_COMPILER_GLOBAL_ACCENT_COLOR_NAME = AccentColor;
				CODE_SIGN_STYLE = Automatic;
				CURRENT_PROJECT_VERSION = 1;
				DEVELOPMENT_TEAM = 9DPUXA8KW5;
				GENERATE_INFOPLIST_FILE = YES;
				INFOPLIST_FILE = "HarryPotterСharacters/Info.plist";
				INFOPLIST_KEY_UIApplicationSupportsIndirectInputEvents = YES;
				INFOPLIST_KEY_UILaunchStoryboardName = LaunchScreen;
				INFOPLIST_KEY_UIMainStoryboardFile = Main;
				INFOPLIST_KEY_UIStatusBarStyle = UIStatusBarStyleDarkContent;
				INFOPLIST_KEY_UISupportedInterfaceOrientations_iPad = "UIInterfaceOrientationPortrait UIInterfaceOrientationPortraitUpsideDown UIInterfaceOrientationLandscapeLeft UIInterfaceOrientationLandscapeRight";
				INFOPLIST_KEY_UISupportedInterfaceOrientations_iPhone = "UIInterfaceOrientationPortrait UIInterfaceOrientationLandscapeLeft UIInterfaceOrientationLandscapeRight";
				IPHONEOS_DEPLOYMENT_TARGET = 16.0;
				LD_RUNPATH_SEARCH_PATHS = (
					"$(inherited)",
					"@executable_path/Frameworks",
				);
				MARKETING_VERSION = 1.0;
				PRODUCT_BUNDLE_IDENTIFIER = "Oksenoyt.HarryPotter-haracters";
				PRODUCT_NAME = "$(TARGET_NAME)";
				SUPPORTED_PLATFORMS = "iphoneos iphonesimulator";
				SUPPORTS_MACCATALYST = NO;
				SUPPORTS_MAC_DESIGNED_FOR_IPHONE_IPAD = NO;
				SWIFT_EMIT_LOC_STRINGS = YES;
				SWIFT_VERSION = 5.0;
				TARGETED_DEVICE_FAMILY = 1;
			};
			name = Debug;
		};
		42CCE9EE28A272D500C0BD06 /* Release */ = {
			isa = XCBuildConfiguration;
			buildSettings = {
				ASSETCATALOG_COMPILER_APPICON_NAME = AppIcon;
				ASSETCATALOG_COMPILER_GLOBAL_ACCENT_COLOR_NAME = AccentColor;
				CODE_SIGN_STYLE = Automatic;
				CURRENT_PROJECT_VERSION = 1;
				DEVELOPMENT_TEAM = 9DPUXA8KW5;
				GENERATE_INFOPLIST_FILE = YES;
				INFOPLIST_FILE = "HarryPotterСharacters/Info.plist";
				INFOPLIST_KEY_UIApplicationSupportsIndirectInputEvents = YES;
				INFOPLIST_KEY_UILaunchStoryboardName = LaunchScreen;
				INFOPLIST_KEY_UIMainStoryboardFile = Main;
				INFOPLIST_KEY_UIStatusBarStyle = UIStatusBarStyleDarkContent;
				INFOPLIST_KEY_UISupportedInterfaceOrientations_iPad = "UIInterfaceOrientationPortrait UIInterfaceOrientationPortraitUpsideDown UIInterfaceOrientationLandscapeLeft UIInterfaceOrientationLandscapeRight";
				INFOPLIST_KEY_UISupportedInterfaceOrientations_iPhone = "UIInterfaceOrientationPortrait UIInterfaceOrientationLandscapeLeft UIInterfaceOrientationLandscapeRight";
				IPHONEOS_DEPLOYMENT_TARGET = 16.0;
				LD_RUNPATH_SEARCH_PATHS = (
					"$(inherited)",
					"@executable_path/Frameworks",
				);
				MARKETING_VERSION = 1.0;
				PRODUCT_BUNDLE_IDENTIFIER = "Oksenoyt.HarryPotter-haracters";
				PRODUCT_NAME = "$(TARGET_NAME)";
				SUPPORTED_PLATFORMS = "iphoneos iphonesimulator";
				SUPPORTS_MACCATALYST = NO;
				SUPPORTS_MAC_DESIGNED_FOR_IPHONE_IPAD = NO;
				SWIFT_EMIT_LOC_STRINGS = YES;
				SWIFT_VERSION = 5.0;
				TARGETED_DEVICE_FAMILY = 1;
			};
			name = Release;
		};
/* End XCBuildConfiguration section */

/* Begin XCConfigurationList section */
		42CCE9D328A272D300C0BD06 /* Build configuration list for PBXProject "HarryPotterСharacters" */ = {
			isa = XCConfigurationList;
			buildConfigurations = (
				42CCE9EA28A272D500C0BD06 /* Debug */,
				42CCE9EB28A272D500C0BD06 /* Release */,
			);
			defaultConfigurationIsVisible = 0;
			defaultConfigurationName = Release;
		};
		42CCE9EC28A272D500C0BD06 /* Build configuration list for PBXNativeTarget "HarryPotterСharacters" */ = {
			isa = XCConfigurationList;
			buildConfigurations = (
				42CCE9ED28A272D500C0BD06 /* Debug */,
				42CCE9EE28A272D500C0BD06 /* Release */,
			);
			defaultConfigurationIsVisible = 0;
			defaultConfigurationName = Release;
		};
/* End XCConfigurationList section */
	};
	rootObject = 42CCE9D028A272D300C0BD06 /* Project object */;
}
